{
  "name": "mobile",
  "version": "1.0.0",
  "lockfileVersion": 3,
  "requires": true,
  "packages": {
    "": {
      "name": "mobile",
      "version": "1.0.0",
      "dependencies": {
        "@expo/vector-icons": "^14.0.2",
        "@react-navigation/bottom-tabs": "^7.2.0",
        "@react-navigation/native": "^7.0.14",
        "expo": "~52.0.43",
        "expo-blur": "~14.0.3",
        "expo-constants": "~17.0.8",
        "expo-font": "~13.0.4",
        "expo-haptics": "~14.0.1",
        "expo-linking": "~7.0.5",
        "expo-router": "~4.0.20",
        "expo-splash-screen": "~0.29.22",
        "expo-status-bar": "~2.0.1",
        "expo-symbols": "~0.2.2",
        "expo-system-ui": "~4.0.9",
        "expo-web-browser": "~14.0.2",
        "mobile": "file:",
        "react": "18.3.1",
        "react-dom": "18.3.1",
        "react-native": "0.76.9",
        "react-native-gesture-handler": "~2.20.2",
        "react-native-reanimated": "~3.16.1",
        "react-native-safe-area-context": "4.12.0",
        "react-native-screens": "~4.4.0",
        "react-native-web": "~0.19.13",
        "react-native-webview": "13.12.5"
      },
      "devDependencies": {
        "@babel/core": "^7.25.2",
        "@types/jest": "^29.5.12",
        "@types/react": "~18.3.12",
        "@types/react-test-renderer": "^18.3.0",
        "jest": "^29.2.1",
        "jest-expo": "~52.0.6",
        "react-test-renderer": "18.3.1",
        "typescript": "^5.3.3"
      }
    },
    "../../node_modules/.pnpm/@babel+core@7.26.10/node_modules/@babel/core": {
      "version": "7.26.10",
      "dev": true,
      "license": "MIT",
      "dependencies": {
        "@ampproject/remapping": "^2.2.0",
        "@babel/code-frame": "^7.26.2",
        "@babel/generator": "^7.26.10",
        "@babel/helper-compilation-targets": "^7.26.5",
        "@babel/helper-module-transforms": "^7.26.0",
        "@babel/helpers": "^7.26.10",
        "@babel/parser": "^7.26.10",
        "@babel/template": "^7.26.9",
        "@babel/traverse": "^7.26.10",
        "@babel/types": "^7.26.10",
        "convert-source-map": "^2.0.0",
        "debug": "^4.1.0",
        "gensync": "^1.0.0-beta.2",
        "json5": "^2.2.3",
        "semver": "^6.3.1"
      },
      "devDependencies": {
        "@babel/helper-transform-fixture-test-runner": "^7.26.5",
        "@babel/plugin-syntax-flow": "^7.26.0",
        "@babel/plugin-transform-flow-strip-types": "^7.26.5",
        "@babel/plugin-transform-modules-commonjs": "^7.26.3",
        "@babel/preset-env": "^7.26.9",
        "@babel/preset-typescript": "^7.26.0",
        "@jridgewell/trace-mapping": "^0.3.25",
        "@types/convert-source-map": "^2.0.0",
        "@types/debug": "^4.1.0",
        "@types/resolve": "^1.3.2",
        "@types/semver": "^5.4.0",
        "rimraf": "^3.0.0",
        "ts-node": "^11.0.0-beta.1"
      },
      "engines": {
        "node": ">=6.9.0"
      },
      "funding": {
        "type": "opencollective",
        "url": "https://opencollective.com/babel"
      }
    },
    "../../node_modules/.pnpm/@expo+vector-icons@14.0.4/node_modules/@expo/vector-icons": {
      "version": "14.0.4",
      "license": "MIT",
      "dependencies": {
        "prop-types": "^15.8.1"
      },
      "devDependencies": {
        "@babel/core": "^7.23.7",
        "@types/react-native": "~0.64",
        "eslint": "^8.56.0",
        "eslint-config-universe": "^12.0.0",
        "expo-font": "^11.10.0",
        "expo-module-scripts": "^3.4.0",
        "prettier": "^3.1.1"
      }
    },
    "../../node_modules/.pnpm/@react-navigation+bottom-tabs@7.3.9_@react-navigation+native@7.1.5_react-native@0.76.9_@babel_zntb4qi34rcy6gdsrtwimectue/node_modules/@react-navigation/bottom-tabs": {
      "version": "7.3.9",
      "license": "MIT",
      "dependencies": {
        "@react-navigation/elements": "^2.3.7",
        "color": "^4.2.3"
      },
      "devDependencies": {
        "@jest/globals": "^29.7.0",
        "@react-navigation/native": "^7.1.5",
        "@testing-library/react-native": "^12.8.1",
        "@types/color": "^3.0.6",
        "@types/react": "~18.3.12",
        "del-cli": "^5.1.0",
        "react": "18.3.1",
        "react-native": "0.76.2",
        "react-native-builder-bob": "^0.40.0",
        "react-native-safe-area-context": "4.12.0",
        "react-native-screens": "^4.3.0",
        "typescript": "^5.5.2"
      },
      "peerDependencies": {
        "@react-navigation/native": "^7.1.5",
        "react": ">= 18.2.0",
        "react-native": "*",
        "react-native-safe-area-context": ">= 4.0.0",
        "react-native-screens": ">= 4.0.0"
      }
    },
    "../../node_modules/.pnpm/@react-navigation+native@7.1.5_react-native@0.76.9_@babel+core@7.26.10_@babel+preset-env@7.26_jcczfnbbptqy2ttztaijsvgs34/node_modules/@react-navigation/native": {
      "version": "7.1.5",
      "license": "MIT",
      "dependencies": {
        "@react-navigation/core": "^7.8.4",
        "escape-string-regexp": "^4.0.0",
        "fast-deep-equal": "^3.1.3",
        "nanoid": "3.3.8",
        "use-latest-callback": "^0.2.1"
      },
      "devDependencies": {
        "@jest/globals": "^29.7.0",
        "@testing-library/react-native": "^12.8.1",
        "@types/react": "~18.3.12",
        "@types/react-dom": "~18.3.1",
        "del-cli": "^5.1.0",
        "react": "18.3.1",
        "react-dom": "18.3.1",
        "react-native": "0.76.2",
        "react-native-builder-bob": "^0.40.0",
        "typescript": "^5.5.2"
      },
      "peerDependencies": {
        "react": ">= 18.2.0",
        "react-native": "*"
      }
    },
    "../../node_modules/.pnpm/@types+jest@29.5.14/node_modules/@types/jest": {
      "version": "29.5.14",
      "dev": true,
      "license": "MIT",
      "dependencies": {
        "expect": "^29.0.0",
        "pretty-format": "^29.0.0"
      }
    },
    "../../node_modules/.pnpm/@types+react-test-renderer@18.3.1/node_modules/@types/react-test-renderer": {
      "version": "18.3.1",
      "dev": true,
      "license": "MIT",
      "dependencies": {
        "@types/react": "^18"
      }
    },
    "../../node_modules/.pnpm/@types+react@18.3.20/node_modules/@types/react": {
      "version": "18.3.20",
      "dev": true,
      "license": "MIT",
      "dependencies": {
        "@types/prop-types": "*",
        "csstype": "^3.0.2"
      }
    },
    "../../node_modules/.pnpm/expo-blur@14.0.3_expo@52.0.44_@babel+core@7.26.10_@babel+preset-env@7.26.9_@babel+core@7.26.1_c4jqwxdz4izv77kpaop3yoicb4/node_modules/expo-blur": {
      "version": "14.0.3",
      "license": "MIT",
      "devDependencies": {
        "@testing-library/jest-dom": "^5.16.5",
        "@testing-library/react": "^15.0.7",
        "@testing-library/react-native": "^12.5.1",
        "expo-module-scripts": "^4.0.3"
      },
      "peerDependencies": {
        "expo": "*",
        "react": "*",
        "react-native": "*"
      }
    },
    "../../node_modules/.pnpm/expo-constants@17.0.8_expo@52.0.44_@babel+core@7.26.10_@babel+preset-env@7.26.9_@babel+core@7_wqdt7fwne2ybsan5hz2xbo6zvi/node_modules/expo-constants": {
      "version": "17.0.8",
      "license": "MIT",
      "dependencies": {
        "@expo/config": "~10.0.11",
        "@expo/env": "~0.4.2"
      },
      "devDependencies": {
        "expo-module-scripts": "^4.0.4"
      },
      "peerDependencies": {
        "expo": "*",
        "react-native": "*"
      }
    },
    "../../node_modules/.pnpm/expo-font@13.0.4_expo@52.0.44_@babel+core@7.26.10_@babel+preset-env@7.26.9_@babel+core@7.26.1_ax3meurdu7ghmitui2gdbvk5gi/node_modules/expo-font": {
      "version": "13.0.4",
      "license": "MIT",
      "dependencies": {
        "fontfaceobserver": "^2.1.0"
      },
      "devDependencies": {
        "@testing-library/react-native": "^12.5.2",
        "expo-module-scripts": "^4.0.4"
      },
      "peerDependencies": {
        "expo": "*",
        "react": "*"
      }
    },
    "../../node_modules/.pnpm/expo-haptics@14.0.1_expo@52.0.44_@babel+core@7.26.10_@babel+preset-env@7.26.9_@babel+core@7.2_ps2awkns3svoja55qbhzcrhgzm/node_modules/expo-haptics": {
      "version": "14.0.1",
      "license": "MIT",
      "devDependencies": {
        "expo-module-scripts": "^4.0.3"
      },
      "peerDependencies": {
        "expo": "*"
      }
    },
    "../../node_modules/.pnpm/expo-linking@7.0.5_expo@52.0.44_@babel+core@7.26.10_@babel+preset-env@7.26.9_@babel+core@7.26_ny5eqtyvcipa4emlrkwkwm2y2e/node_modules/expo-linking": {
      "version": "7.0.5",
      "license": "MIT",
      "dependencies": {
        "expo-constants": "~17.0.5",
        "invariant": "^2.2.4"
      },
      "devDependencies": {
        "expo-module-scripts": "^4.0.3"
      },
      "peerDependencies": {
        "react": "*",
        "react-native": "*"
      }
    },
    "../../node_modules/.pnpm/expo-router@4.0.20_expo-constants@17.0.8_expo@52.0.44_@babel+core@7.26.10_@babel+preset-env@7_fppoywwsjyplmarpsgxvpob7r4/node_modules/expo-router": {
      "version": "4.0.20",
      "license": "MIT",
      "dependencies": {
        "@expo/metro-runtime": "4.0.1",
        "@expo/server": "^0.5.3",
        "@radix-ui/react-slot": "1.0.1",
        "@react-navigation/bottom-tabs": "^7.2.0",
        "@react-navigation/native": "^7.0.14",
        "@react-navigation/native-stack": "^7.2.0",
        "client-only": "^0.0.1",
        "react-helmet-async": "^1.3.0",
        "react-native-helmet-async": "2.0.4",
        "react-native-is-edge-to-edge": "^1.1.6",
        "schema-utils": "^4.0.1",
        "semver": "~7.6.3",
        "server-only": "^0.0.1"
      },
      "devDependencies": {
        "@react-navigation/drawer": "^7.1.1",
        "@testing-library/jest-native": "^5.4.2",
        "@testing-library/react": "^15.0.7",
        "@testing-library/react-native": "^12.5.1",
        "immer": "^10.1.1",
        "react-server-dom-webpack": "19.0.0-rc-6230622a1a-20240610",
        "tsd": "^0.28.1"
      },
      "peerDependencies": {
        "@react-navigation/drawer": "^7.1.1",
        "expo": "*",
        "expo-constants": "*",
        "expo-linking": "*",
        "react-native-reanimated": "*",
        "react-native-safe-area-context": "*",
        "react-native-screens": "*"
      },
      "peerDependenciesMeta": {
        "@react-navigation/drawer": {
          "optional": true
        },
        "@testing-library/jest-native": {
          "optional": true
        },
        "react-native-reanimated": {
          "optional": true
        }
      }
    },
    "../../node_modules/.pnpm/expo-splash-screen@0.29.22_expo@52.0.44_@babel+core@7.26.10_@babel+preset-env@7.26.9_@babel+c_bihcsbq3hpdo7pozgnnl63wbem/node_modules/expo-splash-screen": {
      "version": "0.29.22",
      "license": "MIT",
      "dependencies": {
        "@expo/prebuild-config": "^8.0.27"
      },
      "devDependencies": {
        "expo-module-scripts": "^4.0.4"
      },
      "peerDependencies": {
        "expo": "*"
      }
    },
    "../../node_modules/.pnpm/expo-status-bar@2.0.1_react-native@0.76.9_@babel+core@7.26.10_@babel+preset-env@7.26.9_@babel_5wmf5lj54kq5lh7om5jryu7e4i/node_modules/expo-status-bar": {
      "version": "2.0.1",
      "license": "MIT",
      "devDependencies": {
        "@testing-library/jest-dom": "^5.16.5",
        "@testing-library/react": "^15.0.7",
        "@testing-library/react-native": "^12.5.1",
        "expo-module-scripts": "^4.0.3"
      },
      "peerDependencies": {
        "react": "*",
        "react-native": "*"
      }
    },
    "../../node_modules/.pnpm/expo-symbols@0.2.2_expo@52.0.44_@babel+core@7.26.10_@babel+preset-env@7.26.9_@babel+core@7.26_z53egkop2oaxy4bdbuj26qqf6e/node_modules/expo-symbols": {
      "version": "0.2.2",
      "license": "MIT",
      "dependencies": {
        "sf-symbols-typescript": "^2.0.0"
      },
      "devDependencies": {
        "expo-module-scripts": "^4.0.3"
      },
      "peerDependencies": {
        "expo": "*"
      }
    },
    "../../node_modules/.pnpm/expo-system-ui@4.0.9_expo@52.0.44_@babel+core@7.26.10_@babel+preset-env@7.26.9_@babel+core@7._ivd2jqogtp77eopw5lyewiuyue/node_modules/expo-system-ui": {
      "version": "4.0.9",
      "license": "MIT",
      "dependencies": {
        "@react-native/normalize-colors": "0.76.8",
        "debug": "^4.3.2"
      },
      "devDependencies": {
        "expo-module-scripts": "^4.0.4"
      },
      "peerDependencies": {
        "expo": "*",
        "react-native": "*",
        "react-native-web": "*"
      },
      "peerDependenciesMeta": {
        "react-native-web": {
          "optional": true
        }
      }
    },
    "../../node_modules/.pnpm/expo-web-browser@14.0.2_expo@52.0.44_@babel+core@7.26.10_@babel+preset-env@7.26.9_@babel+core_fezxfdv3ljjlm6eqmsv5mry3re/node_modules/expo-web-browser": {
      "version": "14.0.2",
      "license": "MIT",
      "devDependencies": {
        "expo-module-scripts": "^4.0.3"
      },
      "peerDependencies": {
        "expo": "*",
        "react-native": "*"
      }
    },
    "../../node_modules/.pnpm/expo@52.0.44_@babel+core@7.26.10_@babel+preset-env@7.26.9_@babel+core@7.26.10__@expo+metro-ru_s2o2scckcoppxvjjl336g2ovju/node_modules/expo": {
      "version": "52.0.44",
      "license": "MIT",
      "dependencies": {
        "@babel/runtime": "^7.20.0",
        "@expo/cli": "0.22.24",
        "@expo/config": "~10.0.11",
        "@expo/config-plugins": "~9.0.17",
        "@expo/fingerprint": "0.11.11",
        "@expo/metro-config": "0.19.12",
        "@expo/vector-icons": "^14.0.0",
        "babel-preset-expo": "~12.0.11",
        "expo-asset": "~11.0.5",
        "expo-constants": "~17.0.8",
        "expo-file-system": "~18.0.12",
        "expo-font": "~13.0.4",
        "expo-keep-awake": "~14.0.3",
        "expo-modules-autolinking": "2.0.8",
        "expo-modules-core": "2.2.3",
        "fbemitter": "^3.0.0",
        "web-streams-polyfill": "^3.3.2",
        "whatwg-url-without-unicode": "8.0.0-3"
      },
      "bin": {
        "expo": "bin/cli",
        "expo-modules-autolinking": "bin/autolinking",
        "fingerprint": "bin/fingerprint"
      },
      "devDependencies": {
        "@types/react": "~18.3.12",
        "@types/react-test-renderer": "^18.3.0",
        "expo-module-scripts": "^4.0.5",
        "react": "18.3.1",
        "react-dom": "18.3.1",
        "react-native": "0.76.9"
      },
      "peerDependencies": {
        "@expo/dom-webview": "*",
        "@expo/metro-runtime": "*",
        "react": "*",
        "react-native": "*",
        "react-native-webview": "*"
      },
      "peerDependenciesMeta": {
        "@expo/dom-webview": {
          "optional": true
        },
        "@expo/metro-runtime": {
          "optional": true
        },
        "react-native-webview": {
          "optional": true
        }
      }
    },
    "../../node_modules/.pnpm/jest-expo@52.0.6_@babel+core@7.26.10_expo@52.0.44_@babel+core@7.26.10_@babel+preset-env@7.26._cginqmgydahfkpjdhoeiaioy4u/node_modules/jest-expo": {
      "version": "52.0.6",
      "dev": true,
      "license": "MIT",
      "dependencies": {
        "@expo/config": "~10.0.11",
        "@expo/json-file": "^9.0.2",
        "@jest/create-cache-key-function": "^29.2.1",
        "@jest/globals": "^29.2.1",
        "babel-jest": "^29.2.1",
        "fbemitter": "^3.0.0",
        "find-up": "^5.0.0",
        "jest-environment-jsdom": "^29.2.1",
        "jest-snapshot": "^29.2.1",
        "jest-watch-select-projects": "^2.0.0",
        "jest-watch-typeahead": "2.2.1",
        "json5": "^2.2.3",
        "lodash": "^4.17.19",
        "react-server-dom-webpack": "19.0.0-rc-6230622a1a-20240610",
        "react-test-renderer": "18.3.1",
        "server-only": "^0.0.1",
        "stacktrace-js": "^2.0.2"
      },
      "bin": {
        "jest": "bin/jest.js"
      },
      "peerDependencies": {
        "expo": "*",
        "react-native": "*"
      }
    },
    "../../node_modules/.pnpm/jest@29.7.0_@types+node@22.13.10_ts-node@10.9.2_@types+node@22.13.10_typescript@5.8.2_/node_modules/jest": {
      "version": "29.7.0",
      "dev": true,
      "license": "MIT",
      "dependencies": {
        "@jest/core": "^29.7.0",
        "@jest/types": "^29.6.3",
        "import-local": "^3.0.2",
        "jest-cli": "^29.7.0"
      },
      "bin": {
        "jest": "bin/jest.js"
      },
      "devDependencies": {
        "@tsd/typescript": "^5.0.4",
        "tsd-lite": "^0.7.0"
      },
      "engines": {
        "node": "^14.15.0 || ^16.10.0 || >=18.0.0"
      },
      "peerDependencies": {
        "node-notifier": "^8.0.1 || ^9.0.0 || ^10.0.0"
      },
      "peerDependenciesMeta": {
        "node-notifier": {
          "optional": true
        }
      }
    },
    "../../node_modules/.pnpm/react-dom@18.3.1_react@18.3.1/node_modules/react-dom": {
      "version": "18.3.1",
      "license": "MIT",
      "dependencies": {
        "loose-envify": "^1.1.0",
        "scheduler": "^0.23.2"
      },
      "peerDependencies": {
        "react": "^18.3.1"
      }
    },
    "../../node_modules/.pnpm/react-native-gesture-handler@2.20.2_react-native@0.76.9_@babel+core@7.26.10_@babel+preset-env_pdjr2ochzdxat3w2cw54qv3z3i/node_modules/react-native-gesture-handler": {
      "version": "2.20.2",
      "license": "MIT",
      "dependencies": {
        "@egjs/hammerjs": "^2.0.17",
        "hoist-non-react-statics": "^3.3.0",
        "invariant": "^2.2.4",
        "prop-types": "^15.7.2"
      },
      "devDependencies": {
        "@babel/core": "^7.12.9",
        "@babel/plugin-proposal-class-properties": "^7.12.1",
        "@babel/preset-env": "^7.12.11",
        "@babel/preset-typescript": "^7.12.7",
        "@babel/runtime": "^7.12.5",
        "@react-native/babel-preset": "^0.74.85",
        "@testing-library/jest-native": "^5.4.3",
        "@testing-library/react-native": "^12.5.1",
        "@types/hammerjs": "^2.0.38",
        "@types/hoist-non-react-statics": "^3.3.1",
        "@types/jest": "^27.0.3",
        "@types/react": "^18.2.6",
        "@types/react-test-renderer": "^17.0.0",
        "@typescript-eslint/eslint-plugin": "^4.33.0",
        "@typescript-eslint/parser": "^4.33.0",
        "babel-jest": "^26.6.3",
        "clang-format": "^1.8.0",
        "eslint": "^7.32.0",
        "eslint-config-satya164": "^3.1.8",
        "eslint-import-resolver-babel-module": "^5.2.0",
        "eslint-plugin-import": "^2.22.1",
        "eslint-plugin-jest": "^26.0.0",
        "expo": "^35.0.1",
        "husky": "^8.0.1",
        "jest": "^28.1.0",
        "lint-staged": "^12.3.2",
        "madge": "^6.1.0",
        "prettier": "2.7.1",
        "react": "18.2.0",
        "react-dom": "^16.12.0",
        "react-native": "0.74.3",
        "react-native-builder-bob": "^0.17.1",
        "react-native-reanimated": "^3.12.0",
        "react-native-web": "^0.11.7",
        "react-test-renderer": "18.2.0",
        "release-it": "^13.6.5",
        "typescript": "5.0.4"
      },
      "peerDependencies": {
        "react": "*",
        "react-native": "*"
      }
    },
    "../../node_modules/.pnpm/react-native-reanimated@3.16.7_@babel+core@7.26.10_react-native@0.76.9_@babel+core@7.26.10_@b_ubqeiswkk5mfb52ytk3nqtagtq/node_modules/react-native-reanimated": {
      "version": "3.16.7",
      "license": "MIT",
      "dependencies": {
        "@babel/plugin-transform-arrow-functions": "^7.0.0-0",
        "@babel/plugin-transform-class-properties": "^7.0.0-0",
        "@babel/plugin-transform-classes": "^7.0.0-0",
        "@babel/plugin-transform-nullish-coalescing-operator": "^7.0.0-0",
        "@babel/plugin-transform-optional-chaining": "^7.0.0-0",
        "@babel/plugin-transform-shorthand-properties": "^7.0.0-0",
        "@babel/plugin-transform-template-literals": "^7.0.0-0",
        "@babel/plugin-transform-unicode-regex": "^7.0.0-0",
        "@babel/preset-typescript": "^7.16.7",
        "convert-source-map": "^2.0.0",
        "invariant": "^2.2.4"
      },
      "devDependencies": {
        "@babel/cli": "^7.20.0",
        "@babel/core": "^7.25.2",
        "@babel/preset-env": "^7.25.3",
        "@babel/types": "^7.20.0",
        "@react-native/babel-preset": "0.76.0-rc.3",
        "@react-native/eslint-config": "0.76.0-rc.3",
        "@react-native/metro-config": "0.76.0-rc.3",
        "@react-native/typescript-config": "0.76.0-rc.3",
        "@testing-library/jest-native": "^4.0.4",
        "@testing-library/react-hooks": "^8.0.0",
        "@testing-library/react-native": "^12.5.2",
        "@types/babel__core": "^7.20.0",
        "@types/babel__generator": "^7.6.4",
        "@types/babel__traverse": "^7.14.2",
        "@types/convert-source-map": "^2.0.0",
        "@types/invariant": "^2.2.35",
        "@types/jest": "^29.0.0",
        "@types/node": "^18.0.0",
        "@types/react": "^18.0.26",
        "@types/react-test-renderer": "^17.0.0-0",
        "@typescript-eslint/eslint-plugin": "^6.19.0",
        "@typescript-eslint/parser": "^6.19.0",
        "@typescript-eslint/rule-tester": "^6.21.0",
        "axios": "^1.7.4",
        "babel-eslint": "^10.1.0",
        "babel-jest": "^27.5.1",
        "babel-plugin-module-resolver": "^5.0.0",
        "clang-format": "^1.6.0",
        "code-tag": "^1.1.0",
        "cspell": "^8.8.0",
        "eslint": "^8.57.0",
        "eslint-config-prettier": "^8.3.0",
        "eslint-config-standard": "^17.1.0",
        "eslint-import-resolver-babel-module": "^5.3.1",
        "eslint-plugin-import": "^2.25.4",
        "eslint-plugin-jest": "^27.2.1",
        "eslint-plugin-n": "^16.4.0",
        "eslint-plugin-no-inline-styles": "^1.0.5",
        "eslint-plugin-promise": "^6.0.0",
        "eslint-plugin-react-hooks": "^4.6.0",
        "eslint-plugin-reanimated": "workspace:*",
        "eslint-plugin-standard": "^5.0.0",
        "eslint-plugin-tsdoc": "^0.2.17",
        "jest": "^29.0.0",
        "madge": "^5.0.1",
        "prettier": "^3.3.3",
        "react": "18.3.1",
        "react-native": "0.76.0-rc.3",
        "react-native-builder-bob": "0.33.1",
        "react-native-gesture-handler": "2.20.0",
        "react-native-web": "0.19.11",
        "react-test-renderer": "18.2.0",
        "shelljs": "^0.8.5",
        "ts-prune": "^0.10.3",
        "typescript": "~5.3.0"
      },
      "peerDependencies": {
        "@babel/core": "^7.0.0-0",
        "react": "*",
        "react-native": "*"
      }
    },
    "../../node_modules/.pnpm/react-native-safe-area-context@4.12.0_react-native@0.76.9_@babel+core@7.26.10_@babel+preset-e_6os3q3ygeenpoqdnvzvb2po2vi/node_modules/react-native-safe-area-context": {
      "version": "4.12.0",
      "license": "MIT",
      "devDependencies": {
        "@commitlint/config-conventional": "^19.2.2",
        "@jest/globals": "^29.7.0",
        "@react-native/babel-preset": "^0.74.84",
        "@react-native/eslint-config": "^0.74.84",
        "@react-native/eslint-plugin-specs": "^0.74.84",
        "@release-it/conventional-changelog": "^8.0.1",
        "@types/react": "^18.3.3",
        "@types/react-dom": "^18.3.0",
        "@types/react-test-renderer": "^18.3.0",
        "@typescript-eslint/eslint-plugin": "^7.14.1",
        "@typescript-eslint/parser": "^7.14.1",
        "babel-plugin-module-resolver": "^5.0.2",
        "clang-format": "^1.8.0",
        "commitlint": "^19.3.0",
        "eslint": "^8.57.0",
        "eslint-config-prettier": "^9.1.0",
        "eslint-plugin-jest": "^28.6.0",
        "eslint-plugin-prettier": "^5.1.3",
        "husky": "^9.0.11",
        "jest": "^29.7.0",
        "prettier": "^3.3.2",
        "react": "^18.3.1",
        "react-dom": "^18.3.1",
        "react-native": "^0.74.2",
        "react-native-builder-bob": "^0.23.2",
        "react-test-renderer": "^18.3.1",
        "release-it": "^17.4.0",
        "typescript": "^5.5.2"
      },
      "peerDependencies": {
        "react": "*",
        "react-native": "*"
      }
    },
    "../../node_modules/.pnpm/react-native-screens@4.4.0_react-native@0.76.9_@babel+core@7.26.10_@babel+preset-env@7.26.9_@_uylpvqmp4xcfdlgxoob5uqbs6y/node_modules/react-native-screens": {
      "version": "4.4.0",
      "license": "MIT",
      "dependencies": {
        "react-freeze": "^1.0.0",
        "warn-once": "^0.1.0"
      },
      "devDependencies": {
        "@babel/core": "^7.25.2",
        "@babel/eslint-parser": "7.22.15",
        "@react-native-community/cli": "15.0.1",
        "@react-native-community/cli-platform-android": "15.0.1",
        "@react-native-community/cli-platform-ios": "15.0.1",
        "@react-native/babel-preset": "0.76.4",
        "@react-native/eslint-config": "0.76.4",
        "@react-native/metro-config": "0.76.4",
        "@react-native/typescript-config": "0.76.4",
        "@react-navigation/native": "^5.8.0",
        "@react-navigation/stack": "^5.10.0",
        "@types/jest": "^29.3.1",
        "@types/react": "^18.2.72",
        "@types/react-test-renderer": "^18.0.0",
        "@typescript-eslint/eslint-plugin": "^6.5.0",
        "@typescript-eslint/parser": "^6.5.0",
        "babel-jest": "^29.6.4",
        "clang-format": "^1.8.0",
        "eslint": "^8.56.0",
        "eslint-config-prettier": "^8.10.0",
        "eslint-config-standard": "^17.1.0",
        "eslint-plugin-import": "^2.28.1",
        "eslint-plugin-jest": "^27.9.0",
        "eslint-plugin-n": "^16.0.2",
        "eslint-plugin-promise": "^6.1.1",
        "husky": "^8.0.3",
        "jest": "^29.6.3",
        "lint-staged": "^14.0.1",
        "prettier": "^2.8.8",
        "react": "18.2.0",
        "react-dom": "^18.2.0",
        "react-native": "0.76.4",
        "react-native-builder-bob": "^0.23.2",
        "react-native-gesture-handler": "^2.13.3",
        "react-native-reanimated": "3.9.0-nightly-20240402-12717cdb5",
        "react-native-safe-area-context": "^4.8.1",
        "react-native-windows": "^0.64.8",
        "react-test-renderer": "^18.2.0",
        "release-it": "^15.6.0",
        "typescript": "5.4.3"
      },
      "peerDependencies": {
        "react": "*",
        "react-native": "*"
      }
    },
    "../../node_modules/.pnpm/react-native-web@0.19.13_react-dom@18.3.1_react@18.3.1__react@18.3.1/node_modules/react-native-web": {
      "version": "0.19.13",
      "license": "MIT",
      "dependencies": {
        "@babel/runtime": "^7.18.6",
        "@react-native/normalize-colors": "^0.74.1",
        "fbjs": "^3.0.4",
        "inline-style-prefixer": "^6.0.1",
        "memoize-one": "^6.0.0",
        "nullthrows": "^1.1.1",
        "postcss-value-parser": "^4.2.0",
        "styleq": "^0.1.3"
      },
      "peerDependencies": {
        "react": "^18.0.0",
        "react-dom": "^18.0.0"
      }
    },
    "../../node_modules/.pnpm/react-native-webview@13.12.5_react-native@0.76.9_@babel+core@7.26.10_@babel+preset-env@7.26.9_7wfoncxqn2vikawb4l4jmg7obu/node_modules/react-native-webview": {
      "version": "13.12.5",
      "license": "MIT",
      "dependencies": {
        "escape-string-regexp": "^4.0.0",
        "invariant": "2.2.4"
      },
      "devDependencies": {
        "@babel/cli": "^7.20.0",
        "@babel/core": "^7.20.0",
        "@babel/runtime": "^7.20.0",
        "@callstack/react-native-visionos": "0.73.8",
        "@react-native/babel-preset": "0.73.21",
        "@react-native/eslint-config": "0.73.2",
        "@react-native/metro-config": "0.73.5",
        "@react-native/typescript-config": "0.73.1",
        "@rnx-kit/metro-config": "1.3.15",
        "@semantic-release/git": "7.0.16",
        "@types/invariant": "^2.2.30",
        "@types/jest": "^29.5.12",
        "@types/react": "18.2.61",
        "@types/selenium-webdriver": "4.0.9",
        "appium": "1.17.0",
        "eslint": "8.57.0",
        "jest": "^29.6.3",
        "prettier": "2.8.8",
        "react": "18.2.0",
        "react-native": "0.73.5",
        "react-native-macos": "0.73.17",
        "react-native-test-app": "3.7.2",
        "react-native-windows": "0.73.8",
        "selenium-appium": "1.0.2",
        "selenium-webdriver": "4.0.0-alpha.7",
        "semantic-release": "15.13.24",
        "typescript": "5.1.3",
        "winappdriver": "^0.0.7"
      },
      "peerDependencies": {
        "react": "*",
        "react-native": "*"
      }
    },
    "../../node_modules/.pnpm/react-native@0.76.9_@babel+core@7.26.10_@babel+preset-env@7.26.9_@babel+core@7.26.10__@types+react@18.3.20_react@18.3.1/node_modules/react-native": {
      "version": "0.76.9",
      "license": "MIT",
      "dependencies": {
        "@jest/create-cache-key-function": "^29.6.3",
        "@react-native/assets-registry": "0.76.9",
        "@react-native/codegen": "0.76.9",
        "@react-native/community-cli-plugin": "0.76.9",
        "@react-native/gradle-plugin": "0.76.9",
        "@react-native/js-polyfills": "0.76.9",
        "@react-native/normalize-colors": "0.76.9",
        "@react-native/virtualized-lists": "0.76.9",
        "abort-controller": "^3.0.0",
        "anser": "^1.4.9",
        "ansi-regex": "^5.0.0",
        "babel-jest": "^29.7.0",
        "babel-plugin-syntax-hermes-parser": "^0.23.1",
        "base64-js": "^1.5.1",
        "chalk": "^4.0.0",
        "commander": "^12.0.0",
        "event-target-shim": "^5.0.1",
        "flow-enums-runtime": "^0.0.6",
        "glob": "^7.1.1",
        "invariant": "^2.2.4",
        "jest-environment-node": "^29.6.3",
        "jsc-android": "^250231.0.0",
        "memoize-one": "^5.0.0",
        "metro-runtime": "^0.81.0",
        "metro-source-map": "^0.81.0",
        "mkdirp": "^0.5.1",
        "nullthrows": "^1.1.1",
        "pretty-format": "^29.7.0",
        "promise": "^8.3.0",
        "react-devtools-core": "^5.3.1",
        "react-refresh": "^0.14.0",
        "regenerator-runtime": "^0.13.2",
        "scheduler": "0.24.0-canary-efb381bbf-20230505",
        "semver": "^7.1.3",
        "stacktrace-parser": "^0.1.10",
        "whatwg-fetch": "^3.0.0",
        "ws": "^6.2.3",
        "yargs": "^17.6.2"
      },
      "bin": {
        "react-native": "cli.js"
      },
      "engines": {
        "node": ">=18"
      },
      "peerDependencies": {
        "@types/react": "^18.2.6",
        "react": "^18.2.0"
      },
      "peerDependenciesMeta": {
        "@types/react": {
          "optional": true
        }
      }
    },
    "../../node_modules/.pnpm/react-test-renderer@18.3.1_react@18.3.1/node_modules/react-test-renderer": {
      "version": "18.3.1",
      "dev": true,
      "license": "MIT",
      "dependencies": {
        "react-is": "^18.3.1",
        "react-shallow-renderer": "^16.15.0",
        "scheduler": "^0.23.2"
      },
      "peerDependencies": {
        "react": "^18.3.1"
      }
    },
    "../../node_modules/.pnpm/react@18.3.1/node_modules/react": {
      "version": "18.3.1",
      "license": "MIT",
      "dependencies": {
        "loose-envify": "^1.1.0"
      },
      "engines": {
        "node": ">=0.10.0"
      }
    },
    "../../node_modules/.pnpm/typescript@5.8.2/node_modules/typescript": {
      "version": "5.8.2",
      "dev": true,
      "license": "Apache-2.0",
      "bin": {
        "tsc": "bin/tsc",
        "tsserver": "bin/tsserver"
      },
      "devDependencies": {
        "@dprint/formatter": "^0.4.1",
        "@dprint/typescript": "0.93.3",
        "@esfx/canceltoken": "^1.0.0",
        "@eslint/js": "^9.17.0",
        "@octokit/rest": "^21.0.2",
        "@types/chai": "^4.3.20",
        "@types/diff": "^5.2.3",
        "@types/minimist": "^1.2.5",
        "@types/mocha": "^10.0.10",
        "@types/ms": "^0.7.34",
        "@types/node": "latest",
        "@types/source-map-support": "^0.5.10",
        "@types/which": "^3.0.4",
        "@typescript-eslint/rule-tester": "^8.18.1",
        "@typescript-eslint/type-utils": "^8.18.1",
        "@typescript-eslint/utils": "^8.18.1",
        "azure-devops-node-api": "^14.1.0",
        "c8": "^10.1.3",
        "chai": "^4.5.0",
        "chalk": "^4.1.2",
        "chokidar": "^3.6.0",
        "diff": "^5.2.0",
        "dprint": "^0.47.6",
        "esbuild": "^0.24.0",
        "eslint": "^9.17.0",
        "eslint-formatter-autolinkable-stylish": "^1.4.0",
        "eslint-plugin-regexp": "^2.7.0",
        "fast-xml-parser": "^4.5.1",
        "glob": "^10.4.5",
        "globals": "^15.13.0",
        "hereby": "^1.10.0",
        "jsonc-parser": "^3.3.1",
        "knip": "^5.41.0",
        "minimist": "^1.2.8",
        "mocha": "^10.8.2",
        "mocha-fivemat-progress-reporter": "^0.1.0",
        "monocart-coverage-reports": "^2.11.4",
        "ms": "^2.1.3",
        "playwright": "^1.49.1",
        "source-map-support": "^0.5.21",
        "tslib": "^2.8.1",
        "typescript": "^5.7.2",
        "typescript-eslint": "^8.18.1",
        "which": "^3.0.1"
      },
      "engines": {
        "node": ">=14.17"
      }
    },
    "node_modules/@babel/core": {
      "resolved": "../../node_modules/.pnpm/@babel+core@7.26.10/node_modules/@babel/core",
      "link": true
    },
    "node_modules/@expo/vector-icons": {
      "resolved": "../../node_modules/.pnpm/@expo+vector-icons@14.0.4/node_modules/@expo/vector-icons",
      "link": true
    },
    "node_modules/@react-navigation/bottom-tabs": {
      "resolved": "../../node_modules/.pnpm/@react-navigation+bottom-tabs@7.3.9_@react-navigation+native@7.1.5_react-native@0.76.9_@babel_zntb4qi34rcy6gdsrtwimectue/node_modules/@react-navigation/bottom-tabs",
      "link": true
    },
    "node_modules/@react-navigation/native": {
      "resolved": "../../node_modules/.pnpm/@react-navigation+native@7.1.5_react-native@0.76.9_@babel+core@7.26.10_@babel+preset-env@7.26_jcczfnbbptqy2ttztaijsvgs34/node_modules/@react-navigation/native",
      "link": true
    },
    "node_modules/@types/jest": {
      "resolved": "../../node_modules/.pnpm/@types+jest@29.5.14/node_modules/@types/jest",
      "link": true
    },
    "node_modules/@types/react": {
      "resolved": "../../node_modules/.pnpm/@types+react@18.3.20/node_modules/@types/react",
      "link": true
    },
    "node_modules/@types/react-test-renderer": {
      "resolved": "../../node_modules/.pnpm/@types+react-test-renderer@18.3.1/node_modules/@types/react-test-renderer",
      "link": true
    },
    "node_modules/expo": {
      "resolved": "../../node_modules/.pnpm/expo@52.0.44_@babel+core@7.26.10_@babel+preset-env@7.26.9_@babel+core@7.26.10__@expo+metro-ru_s2o2scckcoppxvjjl336g2ovju/node_modules/expo",
      "link": true
    },
    "node_modules/expo-blur": {
      "resolved": "../../node_modules/.pnpm/expo-blur@14.0.3_expo@52.0.44_@babel+core@7.26.10_@babel+preset-env@7.26.9_@babel+core@7.26.1_c4jqwxdz4izv77kpaop3yoicb4/node_modules/expo-blur",
      "link": true
    },
    "node_modules/expo-constants": {
      "resolved": "../../node_modules/.pnpm/expo-constants@17.0.8_expo@52.0.44_@babel+core@7.26.10_@babel+preset-env@7.26.9_@babel+core@7_wqdt7fwne2ybsan5hz2xbo6zvi/node_modules/expo-constants",
      "link": true
    },
    "node_modules/expo-font": {
      "resolved": "../../node_modules/.pnpm/expo-font@13.0.4_expo@52.0.44_@babel+core@7.26.10_@babel+preset-env@7.26.9_@babel+core@7.26.1_ax3meurdu7ghmitui2gdbvk5gi/node_modules/expo-font",
      "link": true
    },
    "node_modules/expo-haptics": {
      "resolved": "../../node_modules/.pnpm/expo-haptics@14.0.1_expo@52.0.44_@babel+core@7.26.10_@babel+preset-env@7.26.9_@babel+core@7.2_ps2awkns3svoja55qbhzcrhgzm/node_modules/expo-haptics",
      "link": true
    },
    "node_modules/expo-linking": {
      "resolved": "../../node_modules/.pnpm/expo-linking@7.0.5_expo@52.0.44_@babel+core@7.26.10_@babel+preset-env@7.26.9_@babel+core@7.26_ny5eqtyvcipa4emlrkwkwm2y2e/node_modules/expo-linking",
      "link": true
    },
    "node_modules/expo-router": {
      "resolved": "../../node_modules/.pnpm/expo-router@4.0.20_expo-constants@17.0.8_expo@52.0.44_@babel+core@7.26.10_@babel+preset-env@7_fppoywwsjyplmarpsgxvpob7r4/node_modules/expo-router",
      "link": true
    },
    "node_modules/expo-splash-screen": {
      "resolved": "../../node_modules/.pnpm/expo-splash-screen@0.29.22_expo@52.0.44_@babel+core@7.26.10_@babel+preset-env@7.26.9_@babel+c_bihcsbq3hpdo7pozgnnl63wbem/node_modules/expo-splash-screen",
      "link": true
    },
    "node_modules/expo-status-bar": {
      "resolved": "../../node_modules/.pnpm/expo-status-bar@2.0.1_react-native@0.76.9_@babel+core@7.26.10_@babel+preset-env@7.26.9_@babel_5wmf5lj54kq5lh7om5jryu7e4i/node_modules/expo-status-bar",
      "link": true
    },
    "node_modules/expo-symbols": {
      "resolved": "../../node_modules/.pnpm/expo-symbols@0.2.2_expo@52.0.44_@babel+core@7.26.10_@babel+preset-env@7.26.9_@babel+core@7.26_z53egkop2oaxy4bdbuj26qqf6e/node_modules/expo-symbols",
      "link": true
    },
    "node_modules/expo-system-ui": {
      "resolved": "../../node_modules/.pnpm/expo-system-ui@4.0.9_expo@52.0.44_@babel+core@7.26.10_@babel+preset-env@7.26.9_@babel+core@7._ivd2jqogtp77eopw5lyewiuyue/node_modules/expo-system-ui",
      "link": true
    },
    "node_modules/expo-web-browser": {
      "resolved": "../../node_modules/.pnpm/expo-web-browser@14.0.2_expo@52.0.44_@babel+core@7.26.10_@babel+preset-env@7.26.9_@babel+core_fezxfdv3ljjlm6eqmsv5mry3re/node_modules/expo-web-browser",
      "link": true
    },
    "node_modules/jest": {
      "resolved": "../../node_modules/.pnpm/jest@29.7.0_@types+node@22.13.10_ts-node@10.9.2_@types+node@22.13.10_typescript@5.8.2_/node_modules/jest",
      "link": true
    },
    "node_modules/jest-expo": {
      "resolved": "../../node_modules/.pnpm/jest-expo@52.0.6_@babel+core@7.26.10_expo@52.0.44_@babel+core@7.26.10_@babel+preset-env@7.26._cginqmgydahfkpjdhoeiaioy4u/node_modules/jest-expo",
      "link": true
    },
    "node_modules/mobile": {
      "resolved": "",
      "link": true
    },
    "node_modules/react": {
      "resolved": "../../node_modules/.pnpm/react@18.3.1/node_modules/react",
      "link": true
    },
    "node_modules/react-dom": {
      "resolved": "../../node_modules/.pnpm/react-dom@18.3.1_react@18.3.1/node_modules/react-dom",
      "link": true
    },
    "node_modules/react-native": {
      "resolved": "../../node_modules/.pnpm/react-native@0.76.9_@babel+core@7.26.10_@babel+preset-env@7.26.9_@babel+core@7.26.10__@types+react@18.3.20_react@18.3.1/node_modules/react-native",
      "link": true
    },
    "node_modules/react-native-gesture-handler": {
      "resolved": "../../node_modules/.pnpm/react-native-gesture-handler@2.20.2_react-native@0.76.9_@babel+core@7.26.10_@babel+preset-env_pdjr2ochzdxat3w2cw54qv3z3i/node_modules/react-native-gesture-handler",
      "link": true
    },
    "node_modules/react-native-reanimated": {
      "resolved": "../../node_modules/.pnpm/react-native-reanimated@3.16.7_@babel+core@7.26.10_react-native@0.76.9_@babel+core@7.26.10_@b_ubqeiswkk5mfb52ytk3nqtagtq/node_modules/react-native-reanimated",
      "link": true
    },
    "node_modules/react-native-safe-area-context": {
      "resolved": "../../node_modules/.pnpm/react-native-safe-area-context@4.12.0_react-native@0.76.9_@babel+core@7.26.10_@babel+preset-e_6os3q3ygeenpoqdnvzvb2po2vi/node_modules/react-native-safe-area-context",
      "link": true
    },
    "node_modules/react-native-screens": {
      "resolved": "../../node_modules/.pnpm/react-native-screens@4.4.0_react-native@0.76.9_@babel+core@7.26.10_@babel+preset-env@7.26.9_@_uylpvqmp4xcfdlgxoob5uqbs6y/node_modules/react-native-screens",
      "link": true
    },
    "node_modules/react-native-web": {
      "resolved": "../../node_modules/.pnpm/react-native-web@0.19.13_react-dom@18.3.1_react@18.3.1__react@18.3.1/node_modules/react-native-web",
      "link": true
    },
    "node_modules/react-native-webview": {
      "resolved": "../../node_modules/.pnpm/react-native-webview@13.12.5_react-native@0.76.9_@babel+core@7.26.10_@babel+preset-env@7.26.9_7wfoncxqn2vikawb4l4jmg7obu/node_modules/react-native-webview",
      "link": true
    },
    "node_modules/react-test-renderer": {
      "resolved": "../../node_modules/.pnpm/react-test-renderer@18.3.1_react@18.3.1/node_modules/react-test-renderer",
      "link": true
    },
    "node_modules/typescript": {
      "resolved": "../../node_modules/.pnpm/typescript@5.8.2/node_modules/typescript",
      "link": true
    }
  }
}
